
Microsoft Visual Studio Solution File, Format Version 12.00
# Visual Studio 15
VisualStudioVersion = 15.0.27703.2042
MinimumVisualStudioVersion = 10.0.40219.1
Project("{FAE04EC0-301F-11D3-BF4B-00C04F79EFBC}") = "App7.Android", "App7\App7.Android\App7.Android.csproj", "{2A9EDF34-030A-48CC-891F-76CBD49D8A68}"
EndProject
Project("{FAE04EC0-301F-11D3-BF4B-00C04F79EFBC}") = "App7.iOS", "App7\App7.iOS\App7.iOS.csproj", "{D01D4257-7B05-4EBD-B39F-C4395288036A}"
EndProject
Project("{FAE04EC0-301F-11D3-BF4B-00C04F79EFBC}") = "App7", "App7\App7\App7.csproj", "{66A80E3A-EB6F-4681-A4F0-9129E95281C9}"
EndProject
Global
	GlobalSection(SolutionConfigurationPlatforms) = preSolution
		Ad-Hoc|Any CPU = Ad-Hoc|Any CPU
		Ad-Hoc|iPhone = Ad-Hoc|iPhone
		Ad-Hoc|iPhoneSimulator = Ad-Hoc|iPhoneSimulator
		AppStore|Any CPU = AppStore|Any CPU
		AppStore|iPhone = AppStore|iPhone
		AppStore|iPhoneSimulator = AppStore|iPhoneSimulator
		Debug|Any CPU = Debug|Any CPU
		Debug|iPhone = Debug|iPhone
		Debug|iPhoneSimulator = Debug|iPhoneSimulator
		Release|Any CPU = Release|Any CPU
		Release|iPhone = Release|iPhone
		Release|iPhoneSimulator = Release|iPhoneSimulator
	EndGlobalSection
	GlobalSection(ProjectConfigurationPlatforms) = postSolution
		{2A9EDF34-030A-48CC-891F-76CBD49D8A68}.Ad-Hoc|Any CPU.ActiveCfg = Release|Any CPU
		{2A9EDF34-030A-48CC-891F-76CBD49D8A68}.Ad-Hoc|Any CPU.Build.0 = Release|Any CPU
		{2A9EDF34-030A-48CC-891F-76CBD49D8A68}.Ad-Hoc|Any CPU.Deploy.0 = Release|Any CPU
		{2A9EDF34-030A-48CC-891F-76CBD49D8A68}.Ad-Hoc|iPhone.ActiveCfg = Release|Any CPU
		{2A9EDF34-030A-48CC-891F-76CBD49D8A68}.Ad-Hoc|iPhone.Build.0 = Release|Any CPU
		{2A9EDF34-030A-48CC-891F-76CBD49D8A68}.Ad-Hoc|iPhone.Deploy.0 = Release|Any CPU
		{2A9EDF34-030A-48CC-891F-76CBD49D8A68}.Ad-Hoc|iPhoneSimulator.ActiveCfg = Release|Any CPU
		{2A9EDF34-030A-48CC-891F-76CBD49D8A68}.Ad-Hoc|iPhoneSimulator.Build.0 = Release|Any CPU
		{2A9EDF34-030A-48CC-891F-76CBD49D8A68}.Ad-Hoc|iPhoneSimulator.Deploy.0 = Release|Any CPU
		{2A9EDF34-030A-48CC-891F-76CBD49D8A68}.AppStore|Any CPU.ActiveCfg = Release|Any CPU
		{2A9EDF34-030A-48CC-891F-76CBD49D8A68}.AppStore|Any CPU.Build.0 = Release|Any CPU
		{2A9EDF34-030A-48CC-891F-76CBD49D8A68}.AppStore|Any CPU.Deploy.0 = Release|Any CPU
		{2A9EDF34-030A-48CC-891F-76CBD49D8A68}.AppStore|iPhone.ActiveCfg = Release|Any CPU
		{2A9EDF34-030A-48CC-891F-76CBD49D8A68}.AppStore|iPhone.Build.0 = Release|Any CPU
		{2A9EDF34-030A-48CC-891F-76CBD49D8A68}.AppStore|iPhone.Deploy.0 = Release|Any CPU
		{2A9EDF34-030A-48CC-891F-76CBD49D8A68}.AppStore|iPhoneSimulator.ActiveCfg = Release|Any CPU
		{2A9EDF34-030A-48CC-891F-76CBD49D8A68}.AppStore|iPhoneSimulator.Build.0 = Release|Any CPU
		{2A9EDF34-030A-48CC-891F-76CBD49D8A68}.AppStore|iPhoneSimulator.Deploy.0 = Release|Any CPU
		{2A9EDF34-030A-48CC-891F-76CBD49D8A68}.Debug|Any CPU.ActiveCfg = Debug|Any CPU
		{2A9EDF34-030A-48CC-891F-76CBD49D8A68}.Debug|Any CPU.Build.0 = Debug|Any CPU
		{2A9EDF34-030A-48CC-891F-76CBD49D8A68}.Debug|Any CPU.Deploy.0 = Debug|Any CPU
		{2A9EDF34-030A-48CC-891F-76CBD49D8A68}.Debug|iPhone.ActiveCfg = Debug|Any CPU
		{2A9EDF34-030A-48CC-891F-76CBD49D8A68}.Debug|iPhone.Build.0 = Debug|Any CPU
		{2A9EDF34-030A-48CC-891F-76CBD49D8A68}.Debug|iPhone.Deploy.0 = Debug|Any CPU
		{2A9EDF34-030A-48CC-891F-76CBD49D8A68}.Debug|iPhoneSimulator.ActiveCfg = Debug|Any CPU
		{2A9EDF34-030A-48CC-891F-76CBD49D8A68}.Debug|iPhoneSimulator.Build.0 = Debug|Any CPU
		{2A9EDF34-030A-48CC-891F-76CBD49D8A68}.Debug|iPhoneSimulator.Deploy.0 = Debug|Any CPU
		{2A9EDF34-030A-48CC-891F-76CBD49D8A68}.Release|Any CPU.ActiveCfg = Release|Any CPU
		{2A9EDF34-030A-48CC-891F-76CBD49D8A68}.Release|Any CPU.Build.0 = Release|Any CPU
		{2A9EDF34-030A-48CC-891F-76CBD49D8A68}.Release|Any CPU.Deploy.0 = Release|Any CPU
		{2A9EDF34-030A-48CC-891F-76CBD49D8A68}.Release|iPhone.ActiveCfg = Release|Any CPU
		{2A9EDF34-030A-48CC-891F-76CBD49D8A68}.Release|iPhone.Build.0 = Release|Any CPU
		{2A9EDF34-030A-48CC-891F-76CBD49D8A68}.Release|iPhone.Deploy.0 = Release|Any CPU
		{2A9EDF34-030A-48CC-891F-76CBD49D8A68}.Release|iPhoneSimulator.ActiveCfg = Release|Any CPU
		{2A9EDF34-030A-48CC-891F-76CBD49D8A68}.Release|iPhoneSimulator.Build.0 = Release|Any CPU
		{2A9EDF34-030A-48CC-891F-76CBD49D8A68}.Release|iPhoneSimulator.Deploy.0 = Release|Any CPU
		{D01D4257-7B05-4EBD-B39F-C4395288036A}.Ad-Hoc|Any CPU.ActiveCfg = Ad-Hoc|iPhone
		{D01D4257-7B05-4EBD-B39F-C4395288036A}.Ad-Hoc|Any CPU.Build.0 = Ad-Hoc|iPhone
		{D01D4257-7B05-4EBD-B39F-C4395288036A}.Ad-Hoc|Any CPU.Deploy.0 = Ad-Hoc|iPhone
		{D01D4257-7B05-4EBD-B39F-C4395288036A}.Ad-Hoc|iPhone.ActiveCfg = Ad-Hoc|iPhone
		{D01D4257-7B05-4EBD-B39F-C4395288036A}.Ad-Hoc|iPhone.Build.0 = Ad-Hoc|iPhone
		{D01D4257-7B05-4EBD-B39F-C4395288036A}.Ad-Hoc|iPhone.Deploy.0 = Ad-Hoc|iPhone
		{D01D4257-7B05-4EBD-B39F-C4395288036A}.Ad-Hoc|iPhoneSimulator.ActiveCfg = Ad-Hoc|iPhoneSimulator
		{D01D4257-7B05-4EBD-B39F-C4395288036A}.Ad-Hoc|iPhoneSimulator.Build.0 = Ad-Hoc|iPhoneSimulator
		{D01D4257-7B05-4EBD-B39F-C4395288036A}.Ad-Hoc|iPhoneSimulator.Deploy.0 = Ad-Hoc|iPhoneSimulator
		{D01D4257-7B05-4EBD-B39F-C4395288036A}.AppStore|Any CPU.ActiveCfg = AppStore|iPhone
		{D01D4257-7B05-4EBD-B39F-C4395288036A}.AppStore|Any CPU.Build.0 = AppStore|iPhone
		{D01D4257-7B05-4EBD-B39F-C4395288036A}.AppStore|Any CPU.Deploy.0 = AppStore|iPhone
		{D01D4257-7B05-4EBD-B39F-C4395288036A}.AppStore|iPhone.ActiveCfg = AppStore|iPhone
		{D01D4257-7B05-4EBD-B39F-C4395288036A}.AppStore|iPhone.Build.0 = AppStore|iPhone
		{D01D4257-7B05-4EBD-B39F-C4395288036A}.AppStore|iPhone.Deploy.0 = AppStore|iPhone
		{D01D4257-7B05-4EBD-B39F-C4395288036A}.AppStore|iPhoneSimulator.ActiveCfg = AppStore|iPhoneSimulator
		{D01D4257-7B05-4EBD-B39F-C4395288036A}.AppStore|iPhoneSimulator.Build.0 = AppStore|iPhoneSimulator
		{D01D4257-7B05-4EBD-B39F-C4395288036A}.AppStore|iPhoneSimulator.Deploy.0 = AppStore|iPhoneSimulator
		{D01D4257-7B05-4EBD-B39F-C4395288036A}.Debug|Any CPU.ActiveCfg = Debug|iPhoneSimulator
		{D01D4257-7B05-4EBD-B39F-C4395288036A}.Debug|Any CPU.Build.0 = Debug|iPhoneSimulator
		{D01D4257-7B05-4EBD-B39F-C4395288036A}.Debug|Any CPU.Deploy.0 = Debug|iPhoneSimulator
		{D01D4257-7B05-4EBD-B39F-C4395288036A}.Debug|iPhone.ActiveCfg = Debug|iPhone
		{D01D4257-7B05-4EBD-B39F-C4395288036A}.Debug|iPhone.Build.0 = Debug|iPhone
		{D01D4257-7B05-4EBD-B39F-C4395288036A}.Debug|iPhone.Deploy.0 = Debug|iPhone
		{D01D4257-7B05-4EBD-B39F-C4395288036A}.Debug|iPhoneSimulator.ActiveCfg = Debug|iPhoneSimulator
		{D01D4257-7B05-4EBD-B39F-C4395288036A}.Debug|iPhoneSimulator.Build.0 = Debug|iPhoneSimulator
		{D01D4257-7B05-4EBD-B39F-C4395288036A}.Debug|iPhoneSimulator.Deploy.0 = Debug|iPhoneSimulator
		{D01D4257-7B05-4EBD-B39F-C4395288036A}.Release|Any CPU.ActiveCfg = Release|iPhone
		{D01D4257-7B05-4EBD-B39F-C4395288036A}.Release|Any CPU.Build.0 = Release|iPhone
		{D01D4257-7B05-4EBD-B39F-C4395288036A}.Release|Any CPU.Deploy.0 = Release|iPhone
		{D01D4257-7B05-4EBD-B39F-C4395288036A}.Release|iPhone.ActiveCfg = Release|iPhone
		{D01D4257-7B05-4EBD-B39F-C4395288036A}.Release|iPhone.Build.0 = Release|iPhone
		{D01D4257-7B05-4EBD-B39F-C4395288036A}.Release|iPhone.Deploy.0 = Release|iPhone
		{D01D4257-7B05-4EBD-B39F-C4395288036A}.Release|iPhoneSimulator.ActiveCfg = Release|iPhoneSimulator
		{D01D4257-7B05-4EBD-B39F-C4395288036A}.Release|iPhoneSimulator.Build.0 = Release|iPhoneSimulator
		{D01D4257-7B05-4EBD-B39F-C4395288036A}.Release|iPhoneSimulator.Deploy.0 = Release|iPhoneSimulator
		{66A80E3A-EB6F-4681-A4F0-9129E95281C9}.Ad-Hoc|Any CPU.ActiveCfg = Debug|Any CPU
		{66A80E3A-EB6F-4681-A4F0-9129E95281C9}.Ad-Hoc|Any CPU.Build.0 = Debug|Any CPU
		{66A80E3A-EB6F-4681-A4F0-9129E95281C9}.Ad-Hoc|Any CPU.Deploy.0 = Debug|Any CPU
		{66A80E3A-EB6F-4681-A4F0-9129E95281C9}.Ad-Hoc|iPhone.ActiveCfg = Debug|Any CPU
		{66A80E3A-EB6F-4681-A4F0-9129E95281C9}.Ad-Hoc|iPhone.Build.0 = Debug|Any CPU
		{66A80E3A-EB6F-4681-A4F0-9129E95281C9}.Ad-Hoc|iPhone.Deploy.0 = Debug|Any CPU
		{66A80E3A-EB6F-4681-A4F0-9129E95281C9}.Ad-Hoc|iPhoneSimulator.ActiveCfg = Debug|Any CPU
		{66A80E3A-EB6F-4681-A4F0-9129E95281C9}.Ad-Hoc|iPhoneSimulator.Build.0 = Debug|Any CPU
		{66A80E3A-EB6F-4681-A4F0-9129E95281C9}.Ad-Hoc|iPhoneSimulator.Deploy.0 = Debug|Any CPU
		{66A80E3A-EB6F-4681-A4F0-9129E95281C9}.AppStore|Any CPU.ActiveCfg = Debug|Any CPU
		{66A80E3A-EB6F-4681-A4F0-9129E95281C9}.AppStore|Any CPU.Build.0 = Debug|Any CPU
		{66A80E3A-EB6F-4681-A4F0-9129E95281C9}.AppStore|Any CPU.Deploy.0 = Debug|Any CPU
		{66A80E3A-EB6F-4681-A4F0-9129E95281C9}.AppStore|iPhone.ActiveCfg = Debug|Any CPU
		{66A80E3A-EB6F-4681-A4F0-9129E95281C9}.AppStore|iPhone.Build.0 = Debug|Any CPU
		{66A80E3A-EB6F-4681-A4F0-9129E95281C9}.AppStore|iPhone.Deploy.0 = Debug|Any CPU
		{66A80E3A-EB6F-4681-A4F0-9129E95281C9}.AppStore|iPhoneSimulator.ActiveCfg = Debug|Any CPU
		{66A80E3A-EB6F-4681-A4F0-9129E95281C9}.AppStore|iPhoneSimulator.Build.0 = Debug|Any CPU
		{66A80E3A-EB6F-4681-A4F0-9129E95281C9}.AppStore|iPhoneSimulator.Deploy.0 = Debug|Any CPU
		{66A80E3A-EB6F-4681-A4F0-9129E95281C9}.Debug|Any CPU.ActiveCfg = Debug|Any CPU
		{66A80E3A-EB6F-4681-A4F0-9129E95281C9}.Debug|Any CPU.Build.0 = Debug|Any CPU
		{66A80E3A-EB6F-4681-A4F0-9129E95281C9}.Debug|Any CPU.Deploy.0 = Debug|Any CPU
		{66A80E3A-EB6F-4681-A4F0-9129E95281C9}.Debug|iPhone.ActiveCfg = Debug|Any CPU
		{66A80E3A-EB6F-4681-A4F0-9129E95281C9}.Debug|iPhone.Build.0 = Debug|Any CPU
		{66A80E3A-EB6F-4681-A4F0-9129E95281C9}.Debug|iPhone.Deploy.0 = Debug|Any CPU
		{66A80E3A-EB6F-4681-A4F0-9129E95281C9}.Debug|iPhoneSimulator.ActiveCfg = Debug|Any CPU
		{66A80E3A-EB6F-4681-A4F0-9129E95281C9}.Debug|iPhoneSimulator.Build.0 = Debug|Any CPU
		{66A80E3A-EB6F-4681-A4F0-9129E95281C9}.Debug|iPhoneSimulator.Deploy.0 = Debug|Any CPU
		{66A80E3A-EB6F-4681-A4F0-9129E95281C9}.Release|Any CPU.ActiveCfg = Release|Any CPU
		{66A80E3A-EB6F-4681-A4F0-9129E95281C9}.Release|Any CPU.Build.0 = Release|Any CPU
		{66A80E3A-EB6F-4681-A4F0-9129E95281C9}.Release|Any CPU.Deploy.0 = Release|Any CPU
		{66A80E3A-EB6F-4681-A4F0-9129E95281C9}.Release|iPhone.ActiveCfg = Release|Any CPU
		{66A80E3A-EB6F-4681-A4F0-9129E95281C9}.Release|iPhone.Build.0 = Release|Any CPU
		{66A80E3A-EB6F-4681-A4F0-9129E95281C9}.Release|iPhone.Deploy.0 = Release|Any CPU
		{66A80E3A-EB6F-4681-A4F0-9129E95281C9}.Release|iPhoneSimulator.ActiveCfg = Release|Any CPU
		{66A80E3A-EB6F-4681-A4F0-9129E95281C9}.Release|iPhoneSimulator.Build.0 = Release|Any CPU
		{66A80E3A-EB6F-4681-A4F0-9129E95281C9}.Release|iPhoneSimulator.Deploy.0 = Release|Any CPU
	EndGlobalSection
	GlobalSection(SolutionProperties) = preSolution
		HideSolutionNode = FALSE
	EndGlobalSection
	GlobalSection(ExtensibilityGlobals) = postSolution
		SolutionGuid = {2A720D18-26A4-45CC-A1CB-0F44F3301B36}
	EndGlobalSection
EndGlobal
