
Microsoft Visual Studio Solution File, Format Version 12.00
# Visual Studio 15
VisualStudioVersion = 15.0.27703.2042
MinimumVisualStudioVersion = 10.0.40219.1
Project("{FAE04EC0-301F-11D3-BF4B-00C04F79EFBC}") = "App4.Android", "App4\App4.Android\App4.Android.csproj", "{B2385F44-0988-4D38-929E-C591364A54FF}"
EndProject
Project("{FAE04EC0-301F-11D3-BF4B-00C04F79EFBC}") = "App4.iOS", "App4\App4.iOS\App4.iOS.csproj", "{743139AF-BCFE-4426-A6C4-44288F4465F5}"
EndProject
Project("{D954291E-2A0B-460D-934E-DC6B0785DB48}") = "App4", "App4\App4\App4.shproj", "{6C7D4185-CFE5-4F61-9204-9A7693EC871C}"
EndProject
Global
	GlobalSection(SharedMSBuildProjectFiles) = preSolution
		App4\App4\App4.projitems*{6c7d4185-cfe5-4f61-9204-9a7693ec871c}*SharedItemsImports = 13
		App4\App4\App4.projitems*{743139af-bcfe-4426-a6c4-44288f4465f5}*SharedItemsImports = 4
		App4\App4\App4.projitems*{b2385f44-0988-4d38-929e-c591364a54ff}*SharedItemsImports = 4
	EndGlobalSection
	GlobalSection(SolutionConfigurationPlatforms) = preSolution
		Ad-Hoc|Any CPU = Ad-Hoc|Any CPU
		Ad-Hoc|iPhone = Ad-Hoc|iPhone
		Ad-Hoc|iPhoneSimulator = Ad-Hoc|iPhoneSimulator
		AppStore|Any CPU = AppStore|Any CPU
		AppStore|iPhone = AppStore|iPhone
		AppStore|iPhoneSimulator = AppStore|iPhoneSimulator
		Debug|Any CPU = Debug|Any CPU
		Debug|iPhone = Debug|iPhone
		Debug|iPhoneSimulator = Debug|iPhoneSimulator
		Release|Any CPU = Release|Any CPU
		Release|iPhone = Release|iPhone
		Release|iPhoneSimulator = Release|iPhoneSimulator
	EndGlobalSection
	GlobalSection(ProjectConfigurationPlatforms) = postSolution
		{B2385F44-0988-4D38-929E-C591364A54FF}.Ad-Hoc|Any CPU.ActiveCfg = Release|Any CPU
		{B2385F44-0988-4D38-929E-C591364A54FF}.Ad-Hoc|Any CPU.Build.0 = Release|Any CPU
		{B2385F44-0988-4D38-929E-C591364A54FF}.Ad-Hoc|Any CPU.Deploy.0 = Release|Any CPU
		{B2385F44-0988-4D38-929E-C591364A54FF}.Ad-Hoc|iPhone.ActiveCfg = Release|Any CPU
		{B2385F44-0988-4D38-929E-C591364A54FF}.Ad-Hoc|iPhone.Build.0 = Release|Any CPU
		{B2385F44-0988-4D38-929E-C591364A54FF}.Ad-Hoc|iPhone.Deploy.0 = Release|Any CPU
		{B2385F44-0988-4D38-929E-C591364A54FF}.Ad-Hoc|iPhoneSimulator.ActiveCfg = Release|Any CPU
		{B2385F44-0988-4D38-929E-C591364A54FF}.Ad-Hoc|iPhoneSimulator.Build.0 = Release|Any CPU
		{B2385F44-0988-4D38-929E-C591364A54FF}.Ad-Hoc|iPhoneSimulator.Deploy.0 = Release|Any CPU
		{B2385F44-0988-4D38-929E-C591364A54FF}.AppStore|Any CPU.ActiveCfg = Release|Any CPU
		{B2385F44-0988-4D38-929E-C591364A54FF}.AppStore|Any CPU.Build.0 = Release|Any CPU
		{B2385F44-0988-4D38-929E-C591364A54FF}.AppStore|Any CPU.Deploy.0 = Release|Any CPU
		{B2385F44-0988-4D38-929E-C591364A54FF}.AppStore|iPhone.ActiveCfg = Release|Any CPU
		{B2385F44-0988-4D38-929E-C591364A54FF}.AppStore|iPhone.Build.0 = Release|Any CPU
		{B2385F44-0988-4D38-929E-C591364A54FF}.AppStore|iPhone.Deploy.0 = Release|Any CPU
		{B2385F44-0988-4D38-929E-C591364A54FF}.AppStore|iPhoneSimulator.ActiveCfg = Release|Any CPU
		{B2385F44-0988-4D38-929E-C591364A54FF}.AppStore|iPhoneSimulator.Build.0 = Release|Any CPU
		{B2385F44-0988-4D38-929E-C591364A54FF}.AppStore|iPhoneSimulator.Deploy.0 = Release|Any CPU
		{B2385F44-0988-4D38-929E-C591364A54FF}.Debug|Any CPU.ActiveCfg = Debug|Any CPU
		{B2385F44-0988-4D38-929E-C591364A54FF}.Debug|Any CPU.Build.0 = Debug|Any CPU
		{B2385F44-0988-4D38-929E-C591364A54FF}.Debug|Any CPU.Deploy.0 = Debug|Any CPU
		{B2385F44-0988-4D38-929E-C591364A54FF}.Debug|iPhone.ActiveCfg = Debug|Any CPU
		{B2385F44-0988-4D38-929E-C591364A54FF}.Debug|iPhone.Build.0 = Debug|Any CPU
		{B2385F44-0988-4D38-929E-C591364A54FF}.Debug|iPhone.Deploy.0 = Debug|Any CPU
		{B2385F44-0988-4D38-929E-C591364A54FF}.Debug|iPhoneSimulator.ActiveCfg = Debug|Any CPU
		{B2385F44-0988-4D38-929E-C591364A54FF}.Debug|iPhoneSimulator.Build.0 = Debug|Any CPU
		{B2385F44-0988-4D38-929E-C591364A54FF}.Debug|iPhoneSimulator.Deploy.0 = Debug|Any CPU
		{B2385F44-0988-4D38-929E-C591364A54FF}.Release|Any CPU.ActiveCfg = Release|Any CPU
		{B2385F44-0988-4D38-929E-C591364A54FF}.Release|Any CPU.Build.0 = Release|Any CPU
		{B2385F44-0988-4D38-929E-C591364A54FF}.Release|Any CPU.Deploy.0 = Release|Any CPU
		{B2385F44-0988-4D38-929E-C591364A54FF}.Release|iPhone.ActiveCfg = Release|Any CPU
		{B2385F44-0988-4D38-929E-C591364A54FF}.Release|iPhone.Build.0 = Release|Any CPU
		{B2385F44-0988-4D38-929E-C591364A54FF}.Release|iPhone.Deploy.0 = Release|Any CPU
		{B2385F44-0988-4D38-929E-C591364A54FF}.Release|iPhoneSimulator.ActiveCfg = Release|Any CPU
		{B2385F44-0988-4D38-929E-C591364A54FF}.Release|iPhoneSimulator.Build.0 = Release|Any CPU
		{B2385F44-0988-4D38-929E-C591364A54FF}.Release|iPhoneSimulator.Deploy.0 = Release|Any CPU
		{743139AF-BCFE-4426-A6C4-44288F4465F5}.Ad-Hoc|Any CPU.ActiveCfg = Ad-Hoc|iPhone
		{743139AF-BCFE-4426-A6C4-44288F4465F5}.Ad-Hoc|Any CPU.Build.0 = Ad-Hoc|iPhone
		{743139AF-BCFE-4426-A6C4-44288F4465F5}.Ad-Hoc|Any CPU.Deploy.0 = Ad-Hoc|iPhone
		{743139AF-BCFE-4426-A6C4-44288F4465F5}.Ad-Hoc|iPhone.ActiveCfg = Ad-Hoc|iPhone
		{743139AF-BCFE-4426-A6C4-44288F4465F5}.Ad-Hoc|iPhone.Build.0 = Ad-Hoc|iPhone
		{743139AF-BCFE-4426-A6C4-44288F4465F5}.Ad-Hoc|iPhone.Deploy.0 = Ad-Hoc|iPhone
		{743139AF-BCFE-4426-A6C4-44288F4465F5}.Ad-Hoc|iPhoneSimulator.ActiveCfg = Ad-Hoc|iPhoneSimulator
		{743139AF-BCFE-4426-A6C4-44288F4465F5}.Ad-Hoc|iPhoneSimulator.Build.0 = Ad-Hoc|iPhoneSimulator
		{743139AF-BCFE-4426-A6C4-44288F4465F5}.Ad-Hoc|iPhoneSimulator.Deploy.0 = Ad-Hoc|iPhoneSimulator
		{743139AF-BCFE-4426-A6C4-44288F4465F5}.AppStore|Any CPU.ActiveCfg = AppStore|iPhone
		{743139AF-BCFE-4426-A6C4-44288F4465F5}.AppStore|Any CPU.Build.0 = AppStore|iPhone
		{743139AF-BCFE-4426-A6C4-44288F4465F5}.AppStore|Any CPU.Deploy.0 = AppStore|iPhone
		{743139AF-BCFE-4426-A6C4-44288F4465F5}.AppStore|iPhone.ActiveCfg = AppStore|iPhone
		{743139AF-BCFE-4426-A6C4-44288F4465F5}.AppStore|iPhone.Build.0 = AppStore|iPhone
		{743139AF-BCFE-4426-A6C4-44288F4465F5}.AppStore|iPhone.Deploy.0 = AppStore|iPhone
		{743139AF-BCFE-4426-A6C4-44288F4465F5}.AppStore|iPhoneSimulator.ActiveCfg = AppStore|iPhoneSimulator
		{743139AF-BCFE-4426-A6C4-44288F4465F5}.AppStore|iPhoneSimulator.Build.0 = AppStore|iPhoneSimulator
		{743139AF-BCFE-4426-A6C4-44288F4465F5}.AppStore|iPhoneSimulator.Deploy.0 = AppStore|iPhoneSimulator
		{743139AF-BCFE-4426-A6C4-44288F4465F5}.Debug|Any CPU.ActiveCfg = Debug|iPhoneSimulator
		{743139AF-BCFE-4426-A6C4-44288F4465F5}.Debug|Any CPU.Build.0 = Debug|iPhoneSimulator
		{743139AF-BCFE-4426-A6C4-44288F4465F5}.Debug|Any CPU.Deploy.0 = Debug|iPhoneSimulator
		{743139AF-BCFE-4426-A6C4-44288F4465F5}.Debug|iPhone.ActiveCfg = Debug|iPhone
		{743139AF-BCFE-4426-A6C4-44288F4465F5}.Debug|iPhone.Build.0 = Debug|iPhone
		{743139AF-BCFE-4426-A6C4-44288F4465F5}.Debug|iPhone.Deploy.0 = Debug|iPhone
		{743139AF-BCFE-4426-A6C4-44288F4465F5}.Debug|iPhoneSimulator.ActiveCfg = Debug|iPhoneSimulator
		{743139AF-BCFE-4426-A6C4-44288F4465F5}.Debug|iPhoneSimulator.Build.0 = Debug|iPhoneSimulator
		{743139AF-BCFE-4426-A6C4-44288F4465F5}.Debug|iPhoneSimulator.Deploy.0 = Debug|iPhoneSimulator
		{743139AF-BCFE-4426-A6C4-44288F4465F5}.Release|Any CPU.ActiveCfg = Release|iPhone
		{743139AF-BCFE-4426-A6C4-44288F4465F5}.Release|Any CPU.Build.0 = Release|iPhone
		{743139AF-BCFE-4426-A6C4-44288F4465F5}.Release|Any CPU.Deploy.0 = Release|iPhone
		{743139AF-BCFE-4426-A6C4-44288F4465F5}.Release|iPhone.ActiveCfg = Release|iPhone
		{743139AF-BCFE-4426-A6C4-44288F4465F5}.Release|iPhone.Build.0 = Release|iPhone
		{743139AF-BCFE-4426-A6C4-44288F4465F5}.Release|iPhone.Deploy.0 = Release|iPhone
		{743139AF-BCFE-4426-A6C4-44288F4465F5}.Release|iPhoneSimulator.ActiveCfg = Release|iPhoneSimulator
		{743139AF-BCFE-4426-A6C4-44288F4465F5}.Release|iPhoneSimulator.Build.0 = Release|iPhoneSimulator
		{743139AF-BCFE-4426-A6C4-44288F4465F5}.Release|iPhoneSimulator.Deploy.0 = Release|iPhoneSimulator
	EndGlobalSection
	GlobalSection(SolutionProperties) = preSolution
		HideSolutionNode = FALSE
	EndGlobalSection
	GlobalSection(ExtensibilityGlobals) = postSolution
		SolutionGuid = {37CF7766-5DA3-4A65-9AD1-252A5C0278FC}
	EndGlobalSection
EndGlobal
