
Microsoft Visual Studio Solution File, Format Version 12.00
# Visual Studio 15
VisualStudioVersion = 15.0.27703.2047
MinimumVisualStudioVersion = 10.0.40219.1
Project("{FAE04EC0-301F-11D3-BF4B-00C04F79EFBC}") = "App22.Android", "App22\App22.Android\App22.Android.csproj", "{614AF137-7839-479E-A452-8AEFD15DF909}"
EndProject
Project("{FAE04EC0-301F-11D3-BF4B-00C04F79EFBC}") = "App22.iOS", "App22\App22.iOS\App22.iOS.csproj", "{D08102F4-F1E4-4685-828D-6FE7C727F69B}"
EndProject
Project("{FAE04EC0-301F-11D3-BF4B-00C04F79EFBC}") = "App22", "App22\App22\App22.csproj", "{4E2551F6-4BB2-44B4-9643-4CCBA7666A23}"
EndProject
Global
	GlobalSection(SolutionConfigurationPlatforms) = preSolution
		Ad-Hoc|Any CPU = Ad-Hoc|Any CPU
		Ad-Hoc|iPhone = Ad-Hoc|iPhone
		Ad-Hoc|iPhoneSimulator = Ad-Hoc|iPhoneSimulator
		AppStore|Any CPU = AppStore|Any CPU
		AppStore|iPhone = AppStore|iPhone
		AppStore|iPhoneSimulator = AppStore|iPhoneSimulator
		Debug|Any CPU = Debug|Any CPU
		Debug|iPhone = Debug|iPhone
		Debug|iPhoneSimulator = Debug|iPhoneSimulator
		Release|Any CPU = Release|Any CPU
		Release|iPhone = Release|iPhone
		Release|iPhoneSimulator = Release|iPhoneSimulator
	EndGlobalSection
	GlobalSection(ProjectConfigurationPlatforms) = postSolution
		{614AF137-7839-479E-A452-8AEFD15DF909}.Ad-Hoc|Any CPU.ActiveCfg = Release|Any CPU
		{614AF137-7839-479E-A452-8AEFD15DF909}.Ad-Hoc|Any CPU.Build.0 = Release|Any CPU
		{614AF137-7839-479E-A452-8AEFD15DF909}.Ad-Hoc|Any CPU.Deploy.0 = Release|Any CPU
		{614AF137-7839-479E-A452-8AEFD15DF909}.Ad-Hoc|iPhone.ActiveCfg = Release|Any CPU
		{614AF137-7839-479E-A452-8AEFD15DF909}.Ad-Hoc|iPhone.Build.0 = Release|Any CPU
		{614AF137-7839-479E-A452-8AEFD15DF909}.Ad-Hoc|iPhone.Deploy.0 = Release|Any CPU
		{614AF137-7839-479E-A452-8AEFD15DF909}.Ad-Hoc|iPhoneSimulator.ActiveCfg = Release|Any CPU
		{614AF137-7839-479E-A452-8AEFD15DF909}.Ad-Hoc|iPhoneSimulator.Build.0 = Release|Any CPU
		{614AF137-7839-479E-A452-8AEFD15DF909}.Ad-Hoc|iPhoneSimulator.Deploy.0 = Release|Any CPU
		{614AF137-7839-479E-A452-8AEFD15DF909}.AppStore|Any CPU.ActiveCfg = Release|Any CPU
		{614AF137-7839-479E-A452-8AEFD15DF909}.AppStore|Any CPU.Build.0 = Release|Any CPU
		{614AF137-7839-479E-A452-8AEFD15DF909}.AppStore|Any CPU.Deploy.0 = Release|Any CPU
		{614AF137-7839-479E-A452-8AEFD15DF909}.AppStore|iPhone.ActiveCfg = Release|Any CPU
		{614AF137-7839-479E-A452-8AEFD15DF909}.AppStore|iPhone.Build.0 = Release|Any CPU
		{614AF137-7839-479E-A452-8AEFD15DF909}.AppStore|iPhone.Deploy.0 = Release|Any CPU
		{614AF137-7839-479E-A452-8AEFD15DF909}.AppStore|iPhoneSimulator.ActiveCfg = Release|Any CPU
		{614AF137-7839-479E-A452-8AEFD15DF909}.AppStore|iPhoneSimulator.Build.0 = Release|Any CPU
		{614AF137-7839-479E-A452-8AEFD15DF909}.AppStore|iPhoneSimulator.Deploy.0 = Release|Any CPU
		{614AF137-7839-479E-A452-8AEFD15DF909}.Debug|Any CPU.ActiveCfg = Debug|Any CPU
		{614AF137-7839-479E-A452-8AEFD15DF909}.Debug|Any CPU.Build.0 = Debug|Any CPU
		{614AF137-7839-479E-A452-8AEFD15DF909}.Debug|Any CPU.Deploy.0 = Debug|Any CPU
		{614AF137-7839-479E-A452-8AEFD15DF909}.Debug|iPhone.ActiveCfg = Debug|Any CPU
		{614AF137-7839-479E-A452-8AEFD15DF909}.Debug|iPhone.Build.0 = Debug|Any CPU
		{614AF137-7839-479E-A452-8AEFD15DF909}.Debug|iPhone.Deploy.0 = Debug|Any CPU
		{614AF137-7839-479E-A452-8AEFD15DF909}.Debug|iPhoneSimulator.ActiveCfg = Debug|Any CPU
		{614AF137-7839-479E-A452-8AEFD15DF909}.Debug|iPhoneSimulator.Build.0 = Debug|Any CPU
		{614AF137-7839-479E-A452-8AEFD15DF909}.Debug|iPhoneSimulator.Deploy.0 = Debug|Any CPU
		{614AF137-7839-479E-A452-8AEFD15DF909}.Release|Any CPU.ActiveCfg = Release|Any CPU
		{614AF137-7839-479E-A452-8AEFD15DF909}.Release|Any CPU.Build.0 = Release|Any CPU
		{614AF137-7839-479E-A452-8AEFD15DF909}.Release|Any CPU.Deploy.0 = Release|Any CPU
		{614AF137-7839-479E-A452-8AEFD15DF909}.Release|iPhone.ActiveCfg = Release|Any CPU
		{614AF137-7839-479E-A452-8AEFD15DF909}.Release|iPhone.Build.0 = Release|Any CPU
		{614AF137-7839-479E-A452-8AEFD15DF909}.Release|iPhone.Deploy.0 = Release|Any CPU
		{614AF137-7839-479E-A452-8AEFD15DF909}.Release|iPhoneSimulator.ActiveCfg = Release|Any CPU
		{614AF137-7839-479E-A452-8AEFD15DF909}.Release|iPhoneSimulator.Build.0 = Release|Any CPU
		{614AF137-7839-479E-A452-8AEFD15DF909}.Release|iPhoneSimulator.Deploy.0 = Release|Any CPU
		{D08102F4-F1E4-4685-828D-6FE7C727F69B}.Ad-Hoc|Any CPU.ActiveCfg = Ad-Hoc|iPhone
		{D08102F4-F1E4-4685-828D-6FE7C727F69B}.Ad-Hoc|Any CPU.Build.0 = Ad-Hoc|iPhone
		{D08102F4-F1E4-4685-828D-6FE7C727F69B}.Ad-Hoc|Any CPU.Deploy.0 = Ad-Hoc|iPhone
		{D08102F4-F1E4-4685-828D-6FE7C727F69B}.Ad-Hoc|iPhone.ActiveCfg = Ad-Hoc|iPhone
		{D08102F4-F1E4-4685-828D-6FE7C727F69B}.Ad-Hoc|iPhone.Build.0 = Ad-Hoc|iPhone
		{D08102F4-F1E4-4685-828D-6FE7C727F69B}.Ad-Hoc|iPhone.Deploy.0 = Ad-Hoc|iPhone
		{D08102F4-F1E4-4685-828D-6FE7C727F69B}.Ad-Hoc|iPhoneSimulator.ActiveCfg = Ad-Hoc|iPhoneSimulator
		{D08102F4-F1E4-4685-828D-6FE7C727F69B}.Ad-Hoc|iPhoneSimulator.Build.0 = Ad-Hoc|iPhoneSimulator
		{D08102F4-F1E4-4685-828D-6FE7C727F69B}.Ad-Hoc|iPhoneSimulator.Deploy.0 = Ad-Hoc|iPhoneSimulator
		{D08102F4-F1E4-4685-828D-6FE7C727F69B}.AppStore|Any CPU.ActiveCfg = AppStore|iPhone
		{D08102F4-F1E4-4685-828D-6FE7C727F69B}.AppStore|Any CPU.Build.0 = AppStore|iPhone
		{D08102F4-F1E4-4685-828D-6FE7C727F69B}.AppStore|Any CPU.Deploy.0 = AppStore|iPhone
		{D08102F4-F1E4-4685-828D-6FE7C727F69B}.AppStore|iPhone.ActiveCfg = AppStore|iPhone
		{D08102F4-F1E4-4685-828D-6FE7C727F69B}.AppStore|iPhone.Build.0 = AppStore|iPhone
		{D08102F4-F1E4-4685-828D-6FE7C727F69B}.AppStore|iPhone.Deploy.0 = AppStore|iPhone
		{D08102F4-F1E4-4685-828D-6FE7C727F69B}.AppStore|iPhoneSimulator.ActiveCfg = AppStore|iPhoneSimulator
		{D08102F4-F1E4-4685-828D-6FE7C727F69B}.AppStore|iPhoneSimulator.Build.0 = AppStore|iPhoneSimulator
		{D08102F4-F1E4-4685-828D-6FE7C727F69B}.AppStore|iPhoneSimulator.Deploy.0 = AppStore|iPhoneSimulator
		{D08102F4-F1E4-4685-828D-6FE7C727F69B}.Debug|Any CPU.ActiveCfg = Debug|iPhoneSimulator
		{D08102F4-F1E4-4685-828D-6FE7C727F69B}.Debug|Any CPU.Build.0 = Debug|iPhoneSimulator
		{D08102F4-F1E4-4685-828D-6FE7C727F69B}.Debug|Any CPU.Deploy.0 = Debug|iPhoneSimulator
		{D08102F4-F1E4-4685-828D-6FE7C727F69B}.Debug|iPhone.ActiveCfg = Debug|iPhone
		{D08102F4-F1E4-4685-828D-6FE7C727F69B}.Debug|iPhone.Build.0 = Debug|iPhone
		{D08102F4-F1E4-4685-828D-6FE7C727F69B}.Debug|iPhone.Deploy.0 = Debug|iPhone
		{D08102F4-F1E4-4685-828D-6FE7C727F69B}.Debug|iPhoneSimulator.ActiveCfg = Debug|iPhoneSimulator
		{D08102F4-F1E4-4685-828D-6FE7C727F69B}.Debug|iPhoneSimulator.Build.0 = Debug|iPhoneSimulator
		{D08102F4-F1E4-4685-828D-6FE7C727F69B}.Debug|iPhoneSimulator.Deploy.0 = Debug|iPhoneSimulator
		{D08102F4-F1E4-4685-828D-6FE7C727F69B}.Release|Any CPU.ActiveCfg = Release|iPhone
		{D08102F4-F1E4-4685-828D-6FE7C727F69B}.Release|Any CPU.Build.0 = Release|iPhone
		{D08102F4-F1E4-4685-828D-6FE7C727F69B}.Release|Any CPU.Deploy.0 = Release|iPhone
		{D08102F4-F1E4-4685-828D-6FE7C727F69B}.Release|iPhone.ActiveCfg = Release|iPhone
		{D08102F4-F1E4-4685-828D-6FE7C727F69B}.Release|iPhone.Build.0 = Release|iPhone
		{D08102F4-F1E4-4685-828D-6FE7C727F69B}.Release|iPhone.Deploy.0 = Release|iPhone
		{D08102F4-F1E4-4685-828D-6FE7C727F69B}.Release|iPhoneSimulator.ActiveCfg = Release|iPhoneSimulator
		{D08102F4-F1E4-4685-828D-6FE7C727F69B}.Release|iPhoneSimulator.Build.0 = Release|iPhoneSimulator
		{D08102F4-F1E4-4685-828D-6FE7C727F69B}.Release|iPhoneSimulator.Deploy.0 = Release|iPhoneSimulator
		{4E2551F6-4BB2-44B4-9643-4CCBA7666A23}.Ad-Hoc|Any CPU.ActiveCfg = Debug|Any CPU
		{4E2551F6-4BB2-44B4-9643-4CCBA7666A23}.Ad-Hoc|Any CPU.Build.0 = Debug|Any CPU
		{4E2551F6-4BB2-44B4-9643-4CCBA7666A23}.Ad-Hoc|Any CPU.Deploy.0 = Debug|Any CPU
		{4E2551F6-4BB2-44B4-9643-4CCBA7666A23}.Ad-Hoc|iPhone.ActiveCfg = Debug|Any CPU
		{4E2551F6-4BB2-44B4-9643-4CCBA7666A23}.Ad-Hoc|iPhone.Build.0 = Debug|Any CPU
		{4E2551F6-4BB2-44B4-9643-4CCBA7666A23}.Ad-Hoc|iPhone.Deploy.0 = Debug|Any CPU
		{4E2551F6-4BB2-44B4-9643-4CCBA7666A23}.Ad-Hoc|iPhoneSimulator.ActiveCfg = Debug|Any CPU
		{4E2551F6-4BB2-44B4-9643-4CCBA7666A23}.Ad-Hoc|iPhoneSimulator.Build.0 = Debug|Any CPU
		{4E2551F6-4BB2-44B4-9643-4CCBA7666A23}.Ad-Hoc|iPhoneSimulator.Deploy.0 = Debug|Any CPU
		{4E2551F6-4BB2-44B4-9643-4CCBA7666A23}.AppStore|Any CPU.ActiveCfg = Debug|Any CPU
		{4E2551F6-4BB2-44B4-9643-4CCBA7666A23}.AppStore|Any CPU.Build.0 = Debug|Any CPU
		{4E2551F6-4BB2-44B4-9643-4CCBA7666A23}.AppStore|Any CPU.Deploy.0 = Debug|Any CPU
		{4E2551F6-4BB2-44B4-9643-4CCBA7666A23}.AppStore|iPhone.ActiveCfg = Debug|Any CPU
		{4E2551F6-4BB2-44B4-9643-4CCBA7666A23}.AppStore|iPhone.Build.0 = Debug|Any CPU
		{4E2551F6-4BB2-44B4-9643-4CCBA7666A23}.AppStore|iPhone.Deploy.0 = Debug|Any CPU
		{4E2551F6-4BB2-44B4-9643-4CCBA7666A23}.AppStore|iPhoneSimulator.ActiveCfg = Debug|Any CPU
		{4E2551F6-4BB2-44B4-9643-4CCBA7666A23}.AppStore|iPhoneSimulator.Build.0 = Debug|Any CPU
		{4E2551F6-4BB2-44B4-9643-4CCBA7666A23}.AppStore|iPhoneSimulator.Deploy.0 = Debug|Any CPU
		{4E2551F6-4BB2-44B4-9643-4CCBA7666A23}.Debug|Any CPU.ActiveCfg = Debug|Any CPU
		{4E2551F6-4BB2-44B4-9643-4CCBA7666A23}.Debug|Any CPU.Build.0 = Debug|Any CPU
		{4E2551F6-4BB2-44B4-9643-4CCBA7666A23}.Debug|Any CPU.Deploy.0 = Debug|Any CPU
		{4E2551F6-4BB2-44B4-9643-4CCBA7666A23}.Debug|iPhone.ActiveCfg = Debug|Any CPU
		{4E2551F6-4BB2-44B4-9643-4CCBA7666A23}.Debug|iPhone.Build.0 = Debug|Any CPU
		{4E2551F6-4BB2-44B4-9643-4CCBA7666A23}.Debug|iPhone.Deploy.0 = Debug|Any CPU
		{4E2551F6-4BB2-44B4-9643-4CCBA7666A23}.Debug|iPhoneSimulator.ActiveCfg = Debug|Any CPU
		{4E2551F6-4BB2-44B4-9643-4CCBA7666A23}.Debug|iPhoneSimulator.Build.0 = Debug|Any CPU
		{4E2551F6-4BB2-44B4-9643-4CCBA7666A23}.Debug|iPhoneSimulator.Deploy.0 = Debug|Any CPU
		{4E2551F6-4BB2-44B4-9643-4CCBA7666A23}.Release|Any CPU.ActiveCfg = Release|Any CPU
		{4E2551F6-4BB2-44B4-9643-4CCBA7666A23}.Release|Any CPU.Build.0 = Release|Any CPU
		{4E2551F6-4BB2-44B4-9643-4CCBA7666A23}.Release|Any CPU.Deploy.0 = Release|Any CPU
		{4E2551F6-4BB2-44B4-9643-4CCBA7666A23}.Release|iPhone.ActiveCfg = Release|Any CPU
		{4E2551F6-4BB2-44B4-9643-4CCBA7666A23}.Release|iPhone.Build.0 = Release|Any CPU
		{4E2551F6-4BB2-44B4-9643-4CCBA7666A23}.Release|iPhone.Deploy.0 = Release|Any CPU
		{4E2551F6-4BB2-44B4-9643-4CCBA7666A23}.Release|iPhoneSimulator.ActiveCfg = Release|Any CPU
		{4E2551F6-4BB2-44B4-9643-4CCBA7666A23}.Release|iPhoneSimulator.Build.0 = Release|Any CPU
		{4E2551F6-4BB2-44B4-9643-4CCBA7666A23}.Release|iPhoneSimulator.Deploy.0 = Release|Any CPU
	EndGlobalSection
	GlobalSection(SolutionProperties) = preSolution
		HideSolutionNode = FALSE
	EndGlobalSection
	GlobalSection(ExtensibilityGlobals) = postSolution
		SolutionGuid = {1D5EE5E1-07A1-4ED3-9141-7CED7AED355E}
	EndGlobalSection
EndGlobal
