
Microsoft Visual Studio Solution File, Format Version 12.00
# Visual Studio 15
VisualStudioVersion = 15.0.28307.168
MinimumVisualStudioVersion = 10.0.40219.1
Project("{FAE04EC0-301F-11D3-BF4B-00C04F79EFBC}") = "App28.Android", "App28\App28.Android\App28.Android.csproj", "{0DD30606-F1A0-4D1D-8504-58569EB51226}"
EndProject
Project("{FAE04EC0-301F-11D3-BF4B-00C04F79EFBC}") = "App28.iOS", "App28\App28.iOS\App28.iOS.csproj", "{62EF084A-7371-42FD-95A4-E53358CFB2E3}"
EndProject
Project("{FAE04EC0-301F-11D3-BF4B-00C04F79EFBC}") = "App28", "App28\App28\App28.csproj", "{C8EC3350-8DB7-44AE-9346-1EA778F2A5A5}"
EndProject
Global
	GlobalSection(SolutionConfigurationPlatforms) = preSolution
		Ad-Hoc|Any CPU = Ad-Hoc|Any CPU
		Ad-Hoc|iPhone = Ad-Hoc|iPhone
		Ad-Hoc|iPhoneSimulator = Ad-Hoc|iPhoneSimulator
		AppStore|Any CPU = AppStore|Any CPU
		AppStore|iPhone = AppStore|iPhone
		AppStore|iPhoneSimulator = AppStore|iPhoneSimulator
		Debug|Any CPU = Debug|Any CPU
		Debug|iPhone = Debug|iPhone
		Debug|iPhoneSimulator = Debug|iPhoneSimulator
		Release|Any CPU = Release|Any CPU
		Release|iPhone = Release|iPhone
		Release|iPhoneSimulator = Release|iPhoneSimulator
	EndGlobalSection
	GlobalSection(ProjectConfigurationPlatforms) = postSolution
		{0DD30606-F1A0-4D1D-8504-58569EB51226}.Ad-Hoc|Any CPU.ActiveCfg = Release|Any CPU
		{0DD30606-F1A0-4D1D-8504-58569EB51226}.Ad-Hoc|Any CPU.Build.0 = Release|Any CPU
		{0DD30606-F1A0-4D1D-8504-58569EB51226}.Ad-Hoc|Any CPU.Deploy.0 = Release|Any CPU
		{0DD30606-F1A0-4D1D-8504-58569EB51226}.Ad-Hoc|iPhone.ActiveCfg = Release|Any CPU
		{0DD30606-F1A0-4D1D-8504-58569EB51226}.Ad-Hoc|iPhone.Build.0 = Release|Any CPU
		{0DD30606-F1A0-4D1D-8504-58569EB51226}.Ad-Hoc|iPhone.Deploy.0 = Release|Any CPU
		{0DD30606-F1A0-4D1D-8504-58569EB51226}.Ad-Hoc|iPhoneSimulator.ActiveCfg = Release|Any CPU
		{0DD30606-F1A0-4D1D-8504-58569EB51226}.Ad-Hoc|iPhoneSimulator.Build.0 = Release|Any CPU
		{0DD30606-F1A0-4D1D-8504-58569EB51226}.Ad-Hoc|iPhoneSimulator.Deploy.0 = Release|Any CPU
		{0DD30606-F1A0-4D1D-8504-58569EB51226}.AppStore|Any CPU.ActiveCfg = Release|Any CPU
		{0DD30606-F1A0-4D1D-8504-58569EB51226}.AppStore|Any CPU.Build.0 = Release|Any CPU
		{0DD30606-F1A0-4D1D-8504-58569EB51226}.AppStore|Any CPU.Deploy.0 = Release|Any CPU
		{0DD30606-F1A0-4D1D-8504-58569EB51226}.AppStore|iPhone.ActiveCfg = Release|Any CPU
		{0DD30606-F1A0-4D1D-8504-58569EB51226}.AppStore|iPhone.Build.0 = Release|Any CPU
		{0DD30606-F1A0-4D1D-8504-58569EB51226}.AppStore|iPhone.Deploy.0 = Release|Any CPU
		{0DD30606-F1A0-4D1D-8504-58569EB51226}.AppStore|iPhoneSimulator.ActiveCfg = Release|Any CPU
		{0DD30606-F1A0-4D1D-8504-58569EB51226}.AppStore|iPhoneSimulator.Build.0 = Release|Any CPU
		{0DD30606-F1A0-4D1D-8504-58569EB51226}.AppStore|iPhoneSimulator.Deploy.0 = Release|Any CPU
		{0DD30606-F1A0-4D1D-8504-58569EB51226}.Debug|Any CPU.ActiveCfg = Debug|Any CPU
		{0DD30606-F1A0-4D1D-8504-58569EB51226}.Debug|Any CPU.Build.0 = Debug|Any CPU
		{0DD30606-F1A0-4D1D-8504-58569EB51226}.Debug|Any CPU.Deploy.0 = Debug|Any CPU
		{0DD30606-F1A0-4D1D-8504-58569EB51226}.Debug|iPhone.ActiveCfg = Debug|Any CPU
		{0DD30606-F1A0-4D1D-8504-58569EB51226}.Debug|iPhone.Build.0 = Debug|Any CPU
		{0DD30606-F1A0-4D1D-8504-58569EB51226}.Debug|iPhone.Deploy.0 = Debug|Any CPU
		{0DD30606-F1A0-4D1D-8504-58569EB51226}.Debug|iPhoneSimulator.ActiveCfg = Debug|Any CPU
		{0DD30606-F1A0-4D1D-8504-58569EB51226}.Debug|iPhoneSimulator.Build.0 = Debug|Any CPU
		{0DD30606-F1A0-4D1D-8504-58569EB51226}.Debug|iPhoneSimulator.Deploy.0 = Debug|Any CPU
		{0DD30606-F1A0-4D1D-8504-58569EB51226}.Release|Any CPU.ActiveCfg = Release|Any CPU
		{0DD30606-F1A0-4D1D-8504-58569EB51226}.Release|Any CPU.Build.0 = Release|Any CPU
		{0DD30606-F1A0-4D1D-8504-58569EB51226}.Release|Any CPU.Deploy.0 = Release|Any CPU
		{0DD30606-F1A0-4D1D-8504-58569EB51226}.Release|iPhone.ActiveCfg = Release|Any CPU
		{0DD30606-F1A0-4D1D-8504-58569EB51226}.Release|iPhone.Build.0 = Release|Any CPU
		{0DD30606-F1A0-4D1D-8504-58569EB51226}.Release|iPhone.Deploy.0 = Release|Any CPU
		{0DD30606-F1A0-4D1D-8504-58569EB51226}.Release|iPhoneSimulator.ActiveCfg = Release|Any CPU
		{0DD30606-F1A0-4D1D-8504-58569EB51226}.Release|iPhoneSimulator.Build.0 = Release|Any CPU
		{0DD30606-F1A0-4D1D-8504-58569EB51226}.Release|iPhoneSimulator.Deploy.0 = Release|Any CPU
		{62EF084A-7371-42FD-95A4-E53358CFB2E3}.Ad-Hoc|Any CPU.ActiveCfg = Ad-Hoc|iPhone
		{62EF084A-7371-42FD-95A4-E53358CFB2E3}.Ad-Hoc|Any CPU.Build.0 = Ad-Hoc|iPhone
		{62EF084A-7371-42FD-95A4-E53358CFB2E3}.Ad-Hoc|Any CPU.Deploy.0 = Ad-Hoc|iPhone
		{62EF084A-7371-42FD-95A4-E53358CFB2E3}.Ad-Hoc|iPhone.ActiveCfg = Ad-Hoc|iPhone
		{62EF084A-7371-42FD-95A4-E53358CFB2E3}.Ad-Hoc|iPhone.Build.0 = Ad-Hoc|iPhone
		{62EF084A-7371-42FD-95A4-E53358CFB2E3}.Ad-Hoc|iPhone.Deploy.0 = Ad-Hoc|iPhone
		{62EF084A-7371-42FD-95A4-E53358CFB2E3}.Ad-Hoc|iPhoneSimulator.ActiveCfg = Ad-Hoc|iPhoneSimulator
		{62EF084A-7371-42FD-95A4-E53358CFB2E3}.Ad-Hoc|iPhoneSimulator.Build.0 = Ad-Hoc|iPhoneSimulator
		{62EF084A-7371-42FD-95A4-E53358CFB2E3}.Ad-Hoc|iPhoneSimulator.Deploy.0 = Ad-Hoc|iPhoneSimulator
		{62EF084A-7371-42FD-95A4-E53358CFB2E3}.AppStore|Any CPU.ActiveCfg = AppStore|iPhone
		{62EF084A-7371-42FD-95A4-E53358CFB2E3}.AppStore|Any CPU.Build.0 = AppStore|iPhone
		{62EF084A-7371-42FD-95A4-E53358CFB2E3}.AppStore|Any CPU.Deploy.0 = AppStore|iPhone
		{62EF084A-7371-42FD-95A4-E53358CFB2E3}.AppStore|iPhone.ActiveCfg = AppStore|iPhone
		{62EF084A-7371-42FD-95A4-E53358CFB2E3}.AppStore|iPhone.Build.0 = AppStore|iPhone
		{62EF084A-7371-42FD-95A4-E53358CFB2E3}.AppStore|iPhone.Deploy.0 = AppStore|iPhone
		{62EF084A-7371-42FD-95A4-E53358CFB2E3}.AppStore|iPhoneSimulator.ActiveCfg = AppStore|iPhoneSimulator
		{62EF084A-7371-42FD-95A4-E53358CFB2E3}.AppStore|iPhoneSimulator.Build.0 = AppStore|iPhoneSimulator
		{62EF084A-7371-42FD-95A4-E53358CFB2E3}.AppStore|iPhoneSimulator.Deploy.0 = AppStore|iPhoneSimulator
		{62EF084A-7371-42FD-95A4-E53358CFB2E3}.Debug|Any CPU.ActiveCfg = Debug|iPhoneSimulator
		{62EF084A-7371-42FD-95A4-E53358CFB2E3}.Debug|Any CPU.Build.0 = Debug|iPhoneSimulator
		{62EF084A-7371-42FD-95A4-E53358CFB2E3}.Debug|Any CPU.Deploy.0 = Debug|iPhoneSimulator
		{62EF084A-7371-42FD-95A4-E53358CFB2E3}.Debug|iPhone.ActiveCfg = Debug|iPhone
		{62EF084A-7371-42FD-95A4-E53358CFB2E3}.Debug|iPhone.Build.0 = Debug|iPhone
		{62EF084A-7371-42FD-95A4-E53358CFB2E3}.Debug|iPhone.Deploy.0 = Debug|iPhone
		{62EF084A-7371-42FD-95A4-E53358CFB2E3}.Debug|iPhoneSimulator.ActiveCfg = Debug|iPhoneSimulator
		{62EF084A-7371-42FD-95A4-E53358CFB2E3}.Debug|iPhoneSimulator.Build.0 = Debug|iPhoneSimulator
		{62EF084A-7371-42FD-95A4-E53358CFB2E3}.Debug|iPhoneSimulator.Deploy.0 = Debug|iPhoneSimulator
		{62EF084A-7371-42FD-95A4-E53358CFB2E3}.Release|Any CPU.ActiveCfg = Release|iPhone
		{62EF084A-7371-42FD-95A4-E53358CFB2E3}.Release|Any CPU.Build.0 = Release|iPhone
		{62EF084A-7371-42FD-95A4-E53358CFB2E3}.Release|Any CPU.Deploy.0 = Release|iPhone
		{62EF084A-7371-42FD-95A4-E53358CFB2E3}.Release|iPhone.ActiveCfg = Release|iPhone
		{62EF084A-7371-42FD-95A4-E53358CFB2E3}.Release|iPhone.Build.0 = Release|iPhone
		{62EF084A-7371-42FD-95A4-E53358CFB2E3}.Release|iPhone.Deploy.0 = Release|iPhone
		{62EF084A-7371-42FD-95A4-E53358CFB2E3}.Release|iPhoneSimulator.ActiveCfg = Release|iPhoneSimulator
		{62EF084A-7371-42FD-95A4-E53358CFB2E3}.Release|iPhoneSimulator.Build.0 = Release|iPhoneSimulator
		{62EF084A-7371-42FD-95A4-E53358CFB2E3}.Release|iPhoneSimulator.Deploy.0 = Release|iPhoneSimulator
		{C8EC3350-8DB7-44AE-9346-1EA778F2A5A5}.Ad-Hoc|Any CPU.ActiveCfg = Debug|Any CPU
		{C8EC3350-8DB7-44AE-9346-1EA778F2A5A5}.Ad-Hoc|Any CPU.Build.0 = Debug|Any CPU
		{C8EC3350-8DB7-44AE-9346-1EA778F2A5A5}.Ad-Hoc|Any CPU.Deploy.0 = Debug|Any CPU
		{C8EC3350-8DB7-44AE-9346-1EA778F2A5A5}.Ad-Hoc|iPhone.ActiveCfg = Debug|Any CPU
		{C8EC3350-8DB7-44AE-9346-1EA778F2A5A5}.Ad-Hoc|iPhone.Build.0 = Debug|Any CPU
		{C8EC3350-8DB7-44AE-9346-1EA778F2A5A5}.Ad-Hoc|iPhone.Deploy.0 = Debug|Any CPU
		{C8EC3350-8DB7-44AE-9346-1EA778F2A5A5}.Ad-Hoc|iPhoneSimulator.ActiveCfg = Debug|Any CPU
		{C8EC3350-8DB7-44AE-9346-1EA778F2A5A5}.Ad-Hoc|iPhoneSimulator.Build.0 = Debug|Any CPU
		{C8EC3350-8DB7-44AE-9346-1EA778F2A5A5}.Ad-Hoc|iPhoneSimulator.Deploy.0 = Debug|Any CPU
		{C8EC3350-8DB7-44AE-9346-1EA778F2A5A5}.AppStore|Any CPU.ActiveCfg = Debug|Any CPU
		{C8EC3350-8DB7-44AE-9346-1EA778F2A5A5}.AppStore|Any CPU.Build.0 = Debug|Any CPU
		{C8EC3350-8DB7-44AE-9346-1EA778F2A5A5}.AppStore|Any CPU.Deploy.0 = Debug|Any CPU
		{C8EC3350-8DB7-44AE-9346-1EA778F2A5A5}.AppStore|iPhone.ActiveCfg = Debug|Any CPU
		{C8EC3350-8DB7-44AE-9346-1EA778F2A5A5}.AppStore|iPhone.Build.0 = Debug|Any CPU
		{C8EC3350-8DB7-44AE-9346-1EA778F2A5A5}.AppStore|iPhone.Deploy.0 = Debug|Any CPU
		{C8EC3350-8DB7-44AE-9346-1EA778F2A5A5}.AppStore|iPhoneSimulator.ActiveCfg = Debug|Any CPU
		{C8EC3350-8DB7-44AE-9346-1EA778F2A5A5}.AppStore|iPhoneSimulator.Build.0 = Debug|Any CPU
		{C8EC3350-8DB7-44AE-9346-1EA778F2A5A5}.AppStore|iPhoneSimulator.Deploy.0 = Debug|Any CPU
		{C8EC3350-8DB7-44AE-9346-1EA778F2A5A5}.Debug|Any CPU.ActiveCfg = Debug|Any CPU
		{C8EC3350-8DB7-44AE-9346-1EA778F2A5A5}.Debug|Any CPU.Build.0 = Debug|Any CPU
		{C8EC3350-8DB7-44AE-9346-1EA778F2A5A5}.Debug|Any CPU.Deploy.0 = Debug|Any CPU
		{C8EC3350-8DB7-44AE-9346-1EA778F2A5A5}.Debug|iPhone.ActiveCfg = Debug|Any CPU
		{C8EC3350-8DB7-44AE-9346-1EA778F2A5A5}.Debug|iPhone.Build.0 = Debug|Any CPU
		{C8EC3350-8DB7-44AE-9346-1EA778F2A5A5}.Debug|iPhone.Deploy.0 = Debug|Any CPU
		{C8EC3350-8DB7-44AE-9346-1EA778F2A5A5}.Debug|iPhoneSimulator.ActiveCfg = Debug|Any CPU
		{C8EC3350-8DB7-44AE-9346-1EA778F2A5A5}.Debug|iPhoneSimulator.Build.0 = Debug|Any CPU
		{C8EC3350-8DB7-44AE-9346-1EA778F2A5A5}.Debug|iPhoneSimulator.Deploy.0 = Debug|Any CPU
		{C8EC3350-8DB7-44AE-9346-1EA778F2A5A5}.Release|Any CPU.ActiveCfg = Release|Any CPU
		{C8EC3350-8DB7-44AE-9346-1EA778F2A5A5}.Release|Any CPU.Build.0 = Release|Any CPU
		{C8EC3350-8DB7-44AE-9346-1EA778F2A5A5}.Release|Any CPU.Deploy.0 = Release|Any CPU
		{C8EC3350-8DB7-44AE-9346-1EA778F2A5A5}.Release|iPhone.ActiveCfg = Release|Any CPU
		{C8EC3350-8DB7-44AE-9346-1EA778F2A5A5}.Release|iPhone.Build.0 = Release|Any CPU
		{C8EC3350-8DB7-44AE-9346-1EA778F2A5A5}.Release|iPhone.Deploy.0 = Release|Any CPU
		{C8EC3350-8DB7-44AE-9346-1EA778F2A5A5}.Release|iPhoneSimulator.ActiveCfg = Release|Any CPU
		{C8EC3350-8DB7-44AE-9346-1EA778F2A5A5}.Release|iPhoneSimulator.Build.0 = Release|Any CPU
		{C8EC3350-8DB7-44AE-9346-1EA778F2A5A5}.Release|iPhoneSimulator.Deploy.0 = Release|Any CPU
	EndGlobalSection
	GlobalSection(SolutionProperties) = preSolution
		HideSolutionNode = FALSE
	EndGlobalSection
	GlobalSection(ExtensibilityGlobals) = postSolution
		SolutionGuid = {E7E85488-D12B-4835-A9B5-677A21333991}
	EndGlobalSection
EndGlobal
