
Microsoft Visual Studio Solution File, Format Version 12.00
# Visual Studio 15
VisualStudioVersion = 15.0.27703.2047
MinimumVisualStudioVersion = 10.0.40219.1
Project("{FAE04EC0-301F-11D3-BF4B-00C04F79EFBC}") = "App25.Android", "App25\App25.Android\App25.Android.csproj", "{BE8FFCCF-C163-497F-8C79-5C75DFB75C4E}"
EndProject
Project("{FAE04EC0-301F-11D3-BF4B-00C04F79EFBC}") = "App25.iOS", "App25\App25.iOS\App25.iOS.csproj", "{A6254ABB-D152-4D39-8A23-97202600AFF8}"
EndProject
Project("{D954291E-2A0B-460D-934E-DC6B0785DB48}") = "App25", "App25\App25\App25.shproj", "{34CE5CC5-942C-4660-B2CD-EA9457C4FEBE}"
EndProject
Global
	GlobalSection(SharedMSBuildProjectFiles) = preSolution
		App25\App25\App25.projitems*{34ce5cc5-942c-4660-b2cd-ea9457c4febe}*SharedItemsImports = 13
		App25\App25\App25.projitems*{a6254abb-d152-4d39-8a23-97202600aff8}*SharedItemsImports = 4
		App25\App25\App25.projitems*{be8ffccf-c163-497f-8c79-5c75dfb75c4e}*SharedItemsImports = 4
	EndGlobalSection
	GlobalSection(SolutionConfigurationPlatforms) = preSolution
		Ad-Hoc|Any CPU = Ad-Hoc|Any CPU
		Ad-Hoc|iPhone = Ad-Hoc|iPhone
		Ad-Hoc|iPhoneSimulator = Ad-Hoc|iPhoneSimulator
		AppStore|Any CPU = AppStore|Any CPU
		AppStore|iPhone = AppStore|iPhone
		AppStore|iPhoneSimulator = AppStore|iPhoneSimulator
		Debug|Any CPU = Debug|Any CPU
		Debug|iPhone = Debug|iPhone
		Debug|iPhoneSimulator = Debug|iPhoneSimulator
		Release|Any CPU = Release|Any CPU
		Release|iPhone = Release|iPhone
		Release|iPhoneSimulator = Release|iPhoneSimulator
	EndGlobalSection
	GlobalSection(ProjectConfigurationPlatforms) = postSolution
		{BE8FFCCF-C163-497F-8C79-5C75DFB75C4E}.Ad-Hoc|Any CPU.ActiveCfg = Release|Any CPU
		{BE8FFCCF-C163-497F-8C79-5C75DFB75C4E}.Ad-Hoc|Any CPU.Build.0 = Release|Any CPU
		{BE8FFCCF-C163-497F-8C79-5C75DFB75C4E}.Ad-Hoc|Any CPU.Deploy.0 = Release|Any CPU
		{BE8FFCCF-C163-497F-8C79-5C75DFB75C4E}.Ad-Hoc|iPhone.ActiveCfg = Release|Any CPU
		{BE8FFCCF-C163-497F-8C79-5C75DFB75C4E}.Ad-Hoc|iPhone.Build.0 = Release|Any CPU
		{BE8FFCCF-C163-497F-8C79-5C75DFB75C4E}.Ad-Hoc|iPhone.Deploy.0 = Release|Any CPU
		{BE8FFCCF-C163-497F-8C79-5C75DFB75C4E}.Ad-Hoc|iPhoneSimulator.ActiveCfg = Release|Any CPU
		{BE8FFCCF-C163-497F-8C79-5C75DFB75C4E}.Ad-Hoc|iPhoneSimulator.Build.0 = Release|Any CPU
		{BE8FFCCF-C163-497F-8C79-5C75DFB75C4E}.Ad-Hoc|iPhoneSimulator.Deploy.0 = Release|Any CPU
		{BE8FFCCF-C163-497F-8C79-5C75DFB75C4E}.AppStore|Any CPU.ActiveCfg = Release|Any CPU
		{BE8FFCCF-C163-497F-8C79-5C75DFB75C4E}.AppStore|Any CPU.Build.0 = Release|Any CPU
		{BE8FFCCF-C163-497F-8C79-5C75DFB75C4E}.AppStore|Any CPU.Deploy.0 = Release|Any CPU
		{BE8FFCCF-C163-497F-8C79-5C75DFB75C4E}.AppStore|iPhone.ActiveCfg = Release|Any CPU
		{BE8FFCCF-C163-497F-8C79-5C75DFB75C4E}.AppStore|iPhone.Build.0 = Release|Any CPU
		{BE8FFCCF-C163-497F-8C79-5C75DFB75C4E}.AppStore|iPhone.Deploy.0 = Release|Any CPU
		{BE8FFCCF-C163-497F-8C79-5C75DFB75C4E}.AppStore|iPhoneSimulator.ActiveCfg = Release|Any CPU
		{BE8FFCCF-C163-497F-8C79-5C75DFB75C4E}.AppStore|iPhoneSimulator.Build.0 = Release|Any CPU
		{BE8FFCCF-C163-497F-8C79-5C75DFB75C4E}.AppStore|iPhoneSimulator.Deploy.0 = Release|Any CPU
		{BE8FFCCF-C163-497F-8C79-5C75DFB75C4E}.Debug|Any CPU.ActiveCfg = Debug|Any CPU
		{BE8FFCCF-C163-497F-8C79-5C75DFB75C4E}.Debug|Any CPU.Build.0 = Debug|Any CPU
		{BE8FFCCF-C163-497F-8C79-5C75DFB75C4E}.Debug|Any CPU.Deploy.0 = Debug|Any CPU
		{BE8FFCCF-C163-497F-8C79-5C75DFB75C4E}.Debug|iPhone.ActiveCfg = Debug|Any CPU
		{BE8FFCCF-C163-497F-8C79-5C75DFB75C4E}.Debug|iPhone.Build.0 = Debug|Any CPU
		{BE8FFCCF-C163-497F-8C79-5C75DFB75C4E}.Debug|iPhone.Deploy.0 = Debug|Any CPU
		{BE8FFCCF-C163-497F-8C79-5C75DFB75C4E}.Debug|iPhoneSimulator.ActiveCfg = Debug|Any CPU
		{BE8FFCCF-C163-497F-8C79-5C75DFB75C4E}.Debug|iPhoneSimulator.Build.0 = Debug|Any CPU
		{BE8FFCCF-C163-497F-8C79-5C75DFB75C4E}.Debug|iPhoneSimulator.Deploy.0 = Debug|Any CPU
		{BE8FFCCF-C163-497F-8C79-5C75DFB75C4E}.Release|Any CPU.ActiveCfg = Release|Any CPU
		{BE8FFCCF-C163-497F-8C79-5C75DFB75C4E}.Release|Any CPU.Build.0 = Release|Any CPU
		{BE8FFCCF-C163-497F-8C79-5C75DFB75C4E}.Release|Any CPU.Deploy.0 = Release|Any CPU
		{BE8FFCCF-C163-497F-8C79-5C75DFB75C4E}.Release|iPhone.ActiveCfg = Release|Any CPU
		{BE8FFCCF-C163-497F-8C79-5C75DFB75C4E}.Release|iPhone.Build.0 = Release|Any CPU
		{BE8FFCCF-C163-497F-8C79-5C75DFB75C4E}.Release|iPhone.Deploy.0 = Release|Any CPU
		{BE8FFCCF-C163-497F-8C79-5C75DFB75C4E}.Release|iPhoneSimulator.ActiveCfg = Release|Any CPU
		{BE8FFCCF-C163-497F-8C79-5C75DFB75C4E}.Release|iPhoneSimulator.Build.0 = Release|Any CPU
		{BE8FFCCF-C163-497F-8C79-5C75DFB75C4E}.Release|iPhoneSimulator.Deploy.0 = Release|Any CPU
		{A6254ABB-D152-4D39-8A23-97202600AFF8}.Ad-Hoc|Any CPU.ActiveCfg = Ad-Hoc|iPhone
		{A6254ABB-D152-4D39-8A23-97202600AFF8}.Ad-Hoc|Any CPU.Build.0 = Ad-Hoc|iPhone
		{A6254ABB-D152-4D39-8A23-97202600AFF8}.Ad-Hoc|Any CPU.Deploy.0 = Ad-Hoc|iPhone
		{A6254ABB-D152-4D39-8A23-97202600AFF8}.Ad-Hoc|iPhone.ActiveCfg = Ad-Hoc|iPhone
		{A6254ABB-D152-4D39-8A23-97202600AFF8}.Ad-Hoc|iPhone.Build.0 = Ad-Hoc|iPhone
		{A6254ABB-D152-4D39-8A23-97202600AFF8}.Ad-Hoc|iPhone.Deploy.0 = Ad-Hoc|iPhone
		{A6254ABB-D152-4D39-8A23-97202600AFF8}.Ad-Hoc|iPhoneSimulator.ActiveCfg = Ad-Hoc|iPhoneSimulator
		{A6254ABB-D152-4D39-8A23-97202600AFF8}.Ad-Hoc|iPhoneSimulator.Build.0 = Ad-Hoc|iPhoneSimulator
		{A6254ABB-D152-4D39-8A23-97202600AFF8}.Ad-Hoc|iPhoneSimulator.Deploy.0 = Ad-Hoc|iPhoneSimulator
		{A6254ABB-D152-4D39-8A23-97202600AFF8}.AppStore|Any CPU.ActiveCfg = AppStore|iPhone
		{A6254ABB-D152-4D39-8A23-97202600AFF8}.AppStore|Any CPU.Build.0 = AppStore|iPhone
		{A6254ABB-D152-4D39-8A23-97202600AFF8}.AppStore|Any CPU.Deploy.0 = AppStore|iPhone
		{A6254ABB-D152-4D39-8A23-97202600AFF8}.AppStore|iPhone.ActiveCfg = AppStore|iPhone
		{A6254ABB-D152-4D39-8A23-97202600AFF8}.AppStore|iPhone.Build.0 = AppStore|iPhone
		{A6254ABB-D152-4D39-8A23-97202600AFF8}.AppStore|iPhone.Deploy.0 = AppStore|iPhone
		{A6254ABB-D152-4D39-8A23-97202600AFF8}.AppStore|iPhoneSimulator.ActiveCfg = AppStore|iPhoneSimulator
		{A6254ABB-D152-4D39-8A23-97202600AFF8}.AppStore|iPhoneSimulator.Build.0 = AppStore|iPhoneSimulator
		{A6254ABB-D152-4D39-8A23-97202600AFF8}.AppStore|iPhoneSimulator.Deploy.0 = AppStore|iPhoneSimulator
		{A6254ABB-D152-4D39-8A23-97202600AFF8}.Debug|Any CPU.ActiveCfg = Debug|iPhoneSimulator
		{A6254ABB-D152-4D39-8A23-97202600AFF8}.Debug|Any CPU.Build.0 = Debug|iPhoneSimulator
		{A6254ABB-D152-4D39-8A23-97202600AFF8}.Debug|Any CPU.Deploy.0 = Debug|iPhoneSimulator
		{A6254ABB-D152-4D39-8A23-97202600AFF8}.Debug|iPhone.ActiveCfg = Debug|iPhone
		{A6254ABB-D152-4D39-8A23-97202600AFF8}.Debug|iPhone.Build.0 = Debug|iPhone
		{A6254ABB-D152-4D39-8A23-97202600AFF8}.Debug|iPhone.Deploy.0 = Debug|iPhone
		{A6254ABB-D152-4D39-8A23-97202600AFF8}.Debug|iPhoneSimulator.ActiveCfg = Debug|iPhoneSimulator
		{A6254ABB-D152-4D39-8A23-97202600AFF8}.Debug|iPhoneSimulator.Build.0 = Debug|iPhoneSimulator
		{A6254ABB-D152-4D39-8A23-97202600AFF8}.Debug|iPhoneSimulator.Deploy.0 = Debug|iPhoneSimulator
		{A6254ABB-D152-4D39-8A23-97202600AFF8}.Release|Any CPU.ActiveCfg = Release|iPhone
		{A6254ABB-D152-4D39-8A23-97202600AFF8}.Release|Any CPU.Build.0 = Release|iPhone
		{A6254ABB-D152-4D39-8A23-97202600AFF8}.Release|Any CPU.Deploy.0 = Release|iPhone
		{A6254ABB-D152-4D39-8A23-97202600AFF8}.Release|iPhone.ActiveCfg = Release|iPhone
		{A6254ABB-D152-4D39-8A23-97202600AFF8}.Release|iPhone.Build.0 = Release|iPhone
		{A6254ABB-D152-4D39-8A23-97202600AFF8}.Release|iPhone.Deploy.0 = Release|iPhone
		{A6254ABB-D152-4D39-8A23-97202600AFF8}.Release|iPhoneSimulator.ActiveCfg = Release|iPhoneSimulator
		{A6254ABB-D152-4D39-8A23-97202600AFF8}.Release|iPhoneSimulator.Build.0 = Release|iPhoneSimulator
		{A6254ABB-D152-4D39-8A23-97202600AFF8}.Release|iPhoneSimulator.Deploy.0 = Release|iPhoneSimulator
	EndGlobalSection
	GlobalSection(SolutionProperties) = preSolution
		HideSolutionNode = FALSE
	EndGlobalSection
	GlobalSection(ExtensibilityGlobals) = postSolution
		SolutionGuid = {1B65606B-8138-41F5-9004-8DCC35797BDA}
	EndGlobalSection
EndGlobal
