
Microsoft Visual Studio Solution File, Format Version 12.00
# Visual Studio 15
VisualStudioVersion = 15.0.27703.2047
MinimumVisualStudioVersion = 10.0.40219.1
Project("{FAE04EC0-301F-11D3-BF4B-00C04F79EFBC}") = "App27.Android", "App27\App27.Android\App27.Android.csproj", "{D759613C-FDBC-41A7-924E-B03AF6E1D171}"
EndProject
Project("{FAE04EC0-301F-11D3-BF4B-00C04F79EFBC}") = "App27.iOS", "App27\App27.iOS\App27.iOS.csproj", "{EDE9D34F-532C-43D5-9964-DE493BDFF740}"
EndProject
Project("{D954291E-2A0B-460D-934E-DC6B0785DB48}") = "App27", "App27\App27\App27.shproj", "{73831402-5E0C-4748-8AA2-E52F4D70B238}"
EndProject
Global
	GlobalSection(SharedMSBuildProjectFiles) = preSolution
		App27\App27\App27.projitems*{73831402-5e0c-4748-8aa2-e52f4d70b238}*SharedItemsImports = 13
		App27\App27\App27.projitems*{d759613c-fdbc-41a7-924e-b03af6e1d171}*SharedItemsImports = 4
		App27\App27\App27.projitems*{ede9d34f-532c-43d5-9964-de493bdff740}*SharedItemsImports = 4
	EndGlobalSection
	GlobalSection(SolutionConfigurationPlatforms) = preSolution
		Ad-Hoc|Any CPU = Ad-Hoc|Any CPU
		Ad-Hoc|iPhone = Ad-Hoc|iPhone
		Ad-Hoc|iPhoneSimulator = Ad-Hoc|iPhoneSimulator
		AppStore|Any CPU = AppStore|Any CPU
		AppStore|iPhone = AppStore|iPhone
		AppStore|iPhoneSimulator = AppStore|iPhoneSimulator
		Debug|Any CPU = Debug|Any CPU
		Debug|iPhone = Debug|iPhone
		Debug|iPhoneSimulator = Debug|iPhoneSimulator
		Release|Any CPU = Release|Any CPU
		Release|iPhone = Release|iPhone
		Release|iPhoneSimulator = Release|iPhoneSimulator
	EndGlobalSection
	GlobalSection(ProjectConfigurationPlatforms) = postSolution
		{D759613C-FDBC-41A7-924E-B03AF6E1D171}.Ad-Hoc|Any CPU.ActiveCfg = Release|Any CPU
		{D759613C-FDBC-41A7-924E-B03AF6E1D171}.Ad-Hoc|Any CPU.Build.0 = Release|Any CPU
		{D759613C-FDBC-41A7-924E-B03AF6E1D171}.Ad-Hoc|Any CPU.Deploy.0 = Release|Any CPU
		{D759613C-FDBC-41A7-924E-B03AF6E1D171}.Ad-Hoc|iPhone.ActiveCfg = Release|Any CPU
		{D759613C-FDBC-41A7-924E-B03AF6E1D171}.Ad-Hoc|iPhone.Build.0 = Release|Any CPU
		{D759613C-FDBC-41A7-924E-B03AF6E1D171}.Ad-Hoc|iPhone.Deploy.0 = Release|Any CPU
		{D759613C-FDBC-41A7-924E-B03AF6E1D171}.Ad-Hoc|iPhoneSimulator.ActiveCfg = Release|Any CPU
		{D759613C-FDBC-41A7-924E-B03AF6E1D171}.Ad-Hoc|iPhoneSimulator.Build.0 = Release|Any CPU
		{D759613C-FDBC-41A7-924E-B03AF6E1D171}.Ad-Hoc|iPhoneSimulator.Deploy.0 = Release|Any CPU
		{D759613C-FDBC-41A7-924E-B03AF6E1D171}.AppStore|Any CPU.ActiveCfg = Release|Any CPU
		{D759613C-FDBC-41A7-924E-B03AF6E1D171}.AppStore|Any CPU.Build.0 = Release|Any CPU
		{D759613C-FDBC-41A7-924E-B03AF6E1D171}.AppStore|Any CPU.Deploy.0 = Release|Any CPU
		{D759613C-FDBC-41A7-924E-B03AF6E1D171}.AppStore|iPhone.ActiveCfg = Release|Any CPU
		{D759613C-FDBC-41A7-924E-B03AF6E1D171}.AppStore|iPhone.Build.0 = Release|Any CPU
		{D759613C-FDBC-41A7-924E-B03AF6E1D171}.AppStore|iPhone.Deploy.0 = Release|Any CPU
		{D759613C-FDBC-41A7-924E-B03AF6E1D171}.AppStore|iPhoneSimulator.ActiveCfg = Release|Any CPU
		{D759613C-FDBC-41A7-924E-B03AF6E1D171}.AppStore|iPhoneSimulator.Build.0 = Release|Any CPU
		{D759613C-FDBC-41A7-924E-B03AF6E1D171}.AppStore|iPhoneSimulator.Deploy.0 = Release|Any CPU
		{D759613C-FDBC-41A7-924E-B03AF6E1D171}.Debug|Any CPU.ActiveCfg = Debug|Any CPU
		{D759613C-FDBC-41A7-924E-B03AF6E1D171}.Debug|Any CPU.Build.0 = Debug|Any CPU
		{D759613C-FDBC-41A7-924E-B03AF6E1D171}.Debug|Any CPU.Deploy.0 = Debug|Any CPU
		{D759613C-FDBC-41A7-924E-B03AF6E1D171}.Debug|iPhone.ActiveCfg = Debug|Any CPU
		{D759613C-FDBC-41A7-924E-B03AF6E1D171}.Debug|iPhone.Build.0 = Debug|Any CPU
		{D759613C-FDBC-41A7-924E-B03AF6E1D171}.Debug|iPhone.Deploy.0 = Debug|Any CPU
		{D759613C-FDBC-41A7-924E-B03AF6E1D171}.Debug|iPhoneSimulator.ActiveCfg = Debug|Any CPU
		{D759613C-FDBC-41A7-924E-B03AF6E1D171}.Debug|iPhoneSimulator.Build.0 = Debug|Any CPU
		{D759613C-FDBC-41A7-924E-B03AF6E1D171}.Debug|iPhoneSimulator.Deploy.0 = Debug|Any CPU
		{D759613C-FDBC-41A7-924E-B03AF6E1D171}.Release|Any CPU.ActiveCfg = Release|Any CPU
		{D759613C-FDBC-41A7-924E-B03AF6E1D171}.Release|Any CPU.Build.0 = Release|Any CPU
		{D759613C-FDBC-41A7-924E-B03AF6E1D171}.Release|Any CPU.Deploy.0 = Release|Any CPU
		{D759613C-FDBC-41A7-924E-B03AF6E1D171}.Release|iPhone.ActiveCfg = Release|Any CPU
		{D759613C-FDBC-41A7-924E-B03AF6E1D171}.Release|iPhone.Build.0 = Release|Any CPU
		{D759613C-FDBC-41A7-924E-B03AF6E1D171}.Release|iPhone.Deploy.0 = Release|Any CPU
		{D759613C-FDBC-41A7-924E-B03AF6E1D171}.Release|iPhoneSimulator.ActiveCfg = Release|Any CPU
		{D759613C-FDBC-41A7-924E-B03AF6E1D171}.Release|iPhoneSimulator.Build.0 = Release|Any CPU
		{D759613C-FDBC-41A7-924E-B03AF6E1D171}.Release|iPhoneSimulator.Deploy.0 = Release|Any CPU
		{EDE9D34F-532C-43D5-9964-DE493BDFF740}.Ad-Hoc|Any CPU.ActiveCfg = Ad-Hoc|iPhone
		{EDE9D34F-532C-43D5-9964-DE493BDFF740}.Ad-Hoc|Any CPU.Build.0 = Ad-Hoc|iPhone
		{EDE9D34F-532C-43D5-9964-DE493BDFF740}.Ad-Hoc|Any CPU.Deploy.0 = Ad-Hoc|iPhone
		{EDE9D34F-532C-43D5-9964-DE493BDFF740}.Ad-Hoc|iPhone.ActiveCfg = Ad-Hoc|iPhone
		{EDE9D34F-532C-43D5-9964-DE493BDFF740}.Ad-Hoc|iPhone.Build.0 = Ad-Hoc|iPhone
		{EDE9D34F-532C-43D5-9964-DE493BDFF740}.Ad-Hoc|iPhone.Deploy.0 = Ad-Hoc|iPhone
		{EDE9D34F-532C-43D5-9964-DE493BDFF740}.Ad-Hoc|iPhoneSimulator.ActiveCfg = Ad-Hoc|iPhoneSimulator
		{EDE9D34F-532C-43D5-9964-DE493BDFF740}.Ad-Hoc|iPhoneSimulator.Build.0 = Ad-Hoc|iPhoneSimulator
		{EDE9D34F-532C-43D5-9964-DE493BDFF740}.Ad-Hoc|iPhoneSimulator.Deploy.0 = Ad-Hoc|iPhoneSimulator
		{EDE9D34F-532C-43D5-9964-DE493BDFF740}.AppStore|Any CPU.ActiveCfg = AppStore|iPhone
		{EDE9D34F-532C-43D5-9964-DE493BDFF740}.AppStore|Any CPU.Build.0 = AppStore|iPhone
		{EDE9D34F-532C-43D5-9964-DE493BDFF740}.AppStore|Any CPU.Deploy.0 = AppStore|iPhone
		{EDE9D34F-532C-43D5-9964-DE493BDFF740}.AppStore|iPhone.ActiveCfg = AppStore|iPhone
		{EDE9D34F-532C-43D5-9964-DE493BDFF740}.AppStore|iPhone.Build.0 = AppStore|iPhone
		{EDE9D34F-532C-43D5-9964-DE493BDFF740}.AppStore|iPhone.Deploy.0 = AppStore|iPhone
		{EDE9D34F-532C-43D5-9964-DE493BDFF740}.AppStore|iPhoneSimulator.ActiveCfg = AppStore|iPhoneSimulator
		{EDE9D34F-532C-43D5-9964-DE493BDFF740}.AppStore|iPhoneSimulator.Build.0 = AppStore|iPhoneSimulator
		{EDE9D34F-532C-43D5-9964-DE493BDFF740}.AppStore|iPhoneSimulator.Deploy.0 = AppStore|iPhoneSimulator
		{EDE9D34F-532C-43D5-9964-DE493BDFF740}.Debug|Any CPU.ActiveCfg = Debug|iPhoneSimulator
		{EDE9D34F-532C-43D5-9964-DE493BDFF740}.Debug|Any CPU.Build.0 = Debug|iPhoneSimulator
		{EDE9D34F-532C-43D5-9964-DE493BDFF740}.Debug|Any CPU.Deploy.0 = Debug|iPhoneSimulator
		{EDE9D34F-532C-43D5-9964-DE493BDFF740}.Debug|iPhone.ActiveCfg = Debug|iPhone
		{EDE9D34F-532C-43D5-9964-DE493BDFF740}.Debug|iPhone.Build.0 = Debug|iPhone
		{EDE9D34F-532C-43D5-9964-DE493BDFF740}.Debug|iPhone.Deploy.0 = Debug|iPhone
		{EDE9D34F-532C-43D5-9964-DE493BDFF740}.Debug|iPhoneSimulator.ActiveCfg = Debug|iPhoneSimulator
		{EDE9D34F-532C-43D5-9964-DE493BDFF740}.Debug|iPhoneSimulator.Build.0 = Debug|iPhoneSimulator
		{EDE9D34F-532C-43D5-9964-DE493BDFF740}.Debug|iPhoneSimulator.Deploy.0 = Debug|iPhoneSimulator
		{EDE9D34F-532C-43D5-9964-DE493BDFF740}.Release|Any CPU.ActiveCfg = Release|iPhone
		{EDE9D34F-532C-43D5-9964-DE493BDFF740}.Release|Any CPU.Build.0 = Release|iPhone
		{EDE9D34F-532C-43D5-9964-DE493BDFF740}.Release|Any CPU.Deploy.0 = Release|iPhone
		{EDE9D34F-532C-43D5-9964-DE493BDFF740}.Release|iPhone.ActiveCfg = Release|iPhone
		{EDE9D34F-532C-43D5-9964-DE493BDFF740}.Release|iPhone.Build.0 = Release|iPhone
		{EDE9D34F-532C-43D5-9964-DE493BDFF740}.Release|iPhone.Deploy.0 = Release|iPhone
		{EDE9D34F-532C-43D5-9964-DE493BDFF740}.Release|iPhoneSimulator.ActiveCfg = Release|iPhoneSimulator
		{EDE9D34F-532C-43D5-9964-DE493BDFF740}.Release|iPhoneSimulator.Build.0 = Release|iPhoneSimulator
		{EDE9D34F-532C-43D5-9964-DE493BDFF740}.Release|iPhoneSimulator.Deploy.0 = Release|iPhoneSimulator
	EndGlobalSection
	GlobalSection(SolutionProperties) = preSolution
		HideSolutionNode = FALSE
	EndGlobalSection
	GlobalSection(ExtensibilityGlobals) = postSolution
		SolutionGuid = {48DADF49-BBC3-42F0-98E5-56BA15FB1AEC}
	EndGlobalSection
EndGlobal
